
Microsoft Visual Studio Solution File, Format Version 12.00
# Visual Studio Version 17
VisualStudioVersion = 17.5.33516.290
MinimumVisualStudioVersion = 10.0.40219.1
Project("{8BC9CEB8-8B4A-11D0-8D11-00A0C91BC942}") = "BOJ_1932", "BOJ_1932.vcxproj", "{38BBAF35-F6AA-44E7-A6F1-B3B323F094CA}"
EndProject
Global
	GlobalSection(SolutionConfigurationPlatforms) = preSolution
		Debug|x64 = Debug|x64
		Release|x64 = Release|x64
	EndGlobalSection
	GlobalSection(ProjectConfigurationPlatforms) = postSolution
		{38BBAF35-F6AA-44E7-A6F1-B3B323F094CA}.Debug|x64.ActiveCfg = Debug|x64
		{38BBAF35-F6AA-44E7-A6F1-B3B323F094CA}.Debug|x64.Build.0 = Debug|x64
		{38BBAF35-F6AA-44E7-A6F1-B3B323F094CA}.Release|x64.ActiveCfg = Release|x64
		{38BBAF35-F6AA-44E7-A6F1-B3B323F094CA}.Release|x64.Build.0 = Release|x64
	EndGlobalSection
	GlobalSection(SolutionProperties) = preSolution
		HideSolutionNode = FALSE
	EndGlobalSection
	GlobalSection(ExtensibilityGlobals) = postSolution
		SolutionGuid = {E4790E74-AEDD-43A6-B174-AACA3E295EAD}
	EndGlobalSection
EndGlobal
